# This file is generated by aru.
version = 1
package-input-hash = "sha256:2be94a78e95a6806385ad15614cad14ee9be59024db78e2f6a1cd7d4d137b159"
projection-input-hash = "sha256:7429ab07f5793c27a05ff924aed27af144c52cf9fac924ee9b0bfd8081344ba5"

[[skill-package]]
source = "git+https://github.com/narumiruna/skills.git"
requirement = "version:*"
version = "0.5.0"
revision = "67cd354cc2eeb417db200a4f8d78869b03a0753d"
repository-name = "skills"

[[skill-package.skills]]
name = "writing-agents-md"
path = "skills/workflow-repository/writing-agents-md"
sha256 = "sha256:49485f3112f08e9bb74842254943cbb9f861799a6950aed6473c4f504576ce23"

[[skill-package.skills]]
name = "writing-git-commits"
path = "skills/workflow-repository/writing-git-commits"
sha256 = "sha256:8703285530b1ec1952599837f628801cfc250110b3bff44e83874b350125ab8a"

[[skill-package.skills]]
name = "writing-plans"
path = "skills/writing-research/writing-plans"
sha256 = "sha256:03945e89641fd3f424b787d03f31eac0d666bccec1cb2214b8d547520c65c019"

[[projection-baseline]]
agent = "codex"
kind = "skill"
key = "writing-agents-md"
sha256 = "sha256:49485f3112f08e9bb74842254943cbb9f861799a6950aed6473c4f504576ce23"

[[projection-baseline]]
agent = "codex"
kind = "skill"
key = "writing-git-commits"
sha256 = "sha256:8703285530b1ec1952599837f628801cfc250110b3bff44e83874b350125ab8a"

[[projection-baseline]]
agent = "codex"
kind = "skill"
key = "writing-plans"
sha256 = "sha256:03945e89641fd3f424b787d03f31eac0d666bccec1cb2214b8d547520c65c019"
