# This file is generated by aru.
version = 1
package-input-hash = "sha256:d1f4d6aaac240b11b6cf35105711f2218f2801785539c375dfa3caba0e4f84d8"
projection-input-hash = "sha256:ef238c1460c90df4b07a78b3ea974ac2501979995dd31b5bb4a7a8a5db85b5db"

[[skill-package]]
source = "git+https://github.com/narumiruna/skills.git"
requirement = "version:*"
version = "0.6.0"
revision = "8a6724256b8e8f342dc9133934973304386a0a82"
repository-name = "skills"

[[skill-package.skills]]
name = "designing-user-experiences"
path = "skills/ui-ux-design/designing-user-experiences"
sha256 = "sha256:f8ce5c79edbe3d5b03992aa993a3fd1e6e026001b806bd8f62000c595ce850e7"

[[skill-package.skills]]
name = "writing-agents-md"
path = "skills/workflow-repository/writing-agents-md"
sha256 = "sha256:49485f3112f08e9bb74842254943cbb9f861799a6950aed6473c4f504576ce23"

[[skill-package.skills]]
name = "writing-git-commits"
path = "skills/workflow-repository/writing-git-commits"
sha256 = "sha256:8703285530b1ec1952599837f628801cfc250110b3bff44e83874b350125ab8a"

[[skill-package.skills]]
name = "writing-plans"
path = "skills/writing-research/writing-plans"
sha256 = "sha256:3db5b575d6bbcc9a51f1ce25b466798b475d8b49117531cac61383cf1857ae8e"

[[projection-baseline]]
target = "codex"
kind = "skill"
key = "designing-user-experiences"
sha256 = "sha256:f8ce5c79edbe3d5b03992aa993a3fd1e6e026001b806bd8f62000c595ce850e7"

[[projection-baseline]]
target = "codex"
kind = "skill"
key = "writing-agents-md"
sha256 = "sha256:49485f3112f08e9bb74842254943cbb9f861799a6950aed6473c4f504576ce23"

[[projection-baseline]]
target = "codex"
kind = "skill"
key = "writing-git-commits"
sha256 = "sha256:8703285530b1ec1952599837f628801cfc250110b3bff44e83874b350125ab8a"

[[projection-baseline]]
target = "codex"
kind = "skill"
key = "writing-plans"
sha256 = "sha256:3db5b575d6bbcc9a51f1ce25b466798b475d8b49117531cac61383cf1857ae8e"
