# This file is generated by aru.
version = 3
package-input-hash = "sha256:3774e84487fee5ec9a5d1ed947e1a03c4c88d30361dceef9d51fd908834d4d10"
projection-input-hash = "sha256:40cabd02dbd2df1c16b7cd28bcf52d8cc6491236745c93e461ee0dd23d75a5ac"

[[skill-package]]
source = "git+https://github.com/narumiruna/skills.git"
requirement = "version:*"
version = "0.6.0"
revision = "8a6724256b8e8f342dc9133934973304386a0a82"
repository-name = "skills"
targets = [
    "codex",
    "claude",
]

[[skill-package.skills]]
name = "designing-user-experiences"
path = "skills/ui-ux-design/designing-user-experiences"
sha256 = "sha256:f8ce5c79edbe3d5b03992aa993a3fd1e6e026001b806bd8f62000c595ce850e7"

[[skill-package.skills]]
name = "writing-agents-md"
path = "skills/workflow-repository/writing-agents-md"
sha256 = "sha256:49485f3112f08e9bb74842254943cbb9f861799a6950aed6473c4f504576ce23"

[[skill-package.skills]]
name = "writing-git-commits"
path = "skills/workflow-repository/writing-git-commits"
sha256 = "sha256:8703285530b1ec1952599837f628801cfc250110b3bff44e83874b350125ab8a"

[[skill-package.skills]]
name = "writing-plans"
path = "skills/writing-research/writing-plans"
sha256 = "sha256:3db5b575d6bbcc9a51f1ce25b466798b475d8b49117531cac61383cf1857ae8e"

[[skill-package.skills]]
name = "writing-roadmap"
path = "skills/writing-research/writing-roadmap"
sha256 = "sha256:363e21acd1c2c5e9cad5a83f449e868e7d050843a3e5f8201ccefc14a0a87cc3"

[[mcp-server]]
name = "chrome-devtools"
registry = "https://registry.modelcontextprotocol.io"
server-id = "io.github.ChromeDevTools/chrome-devtools-mcp"
requirement = "sha256:f27cfb400319af753200dbe66a0e467e97d898f70f2229aecfe6658cf1ebc5e2"
version = "1.6.0"
metadata-sha256 = "sha256:e36f547a233203feeda7de8ad7ab5bbd0a12d868d1dd173bc6739e38f225f389"

[[mcp-server.targets]]
target = "codex"
kind = "package"
transport = "stdio"
command = "npx"
args = [
    "--yes",
    "chrome-devtools-mcp@1.6.0",
]

[mcp-server.targets.package]
registry = "npm"
identifier = "chrome-devtools-mcp"
version = "1.6.0"

[[mcp-server.targets]]
target = "claude"
kind = "package"
transport = "stdio"
command = "npx"
args = [
    "--yes",
    "chrome-devtools-mcp@1.6.0",
]

[mcp-server.targets.package]
registry = "npm"
identifier = "chrome-devtools-mcp"
version = "1.6.0"

[[mcp-server]]
name = "context7"
server-id = "context7"
requirement = "sha256:f02f89e7fc5b43fbcbf096161a5f89f4bb32d70c9b8f7f8ed84296f7ce2e8159"
version = "direct"
metadata-sha256 = "sha256:f36c43dc5bf22e56a7e528f4b4f5f4673b8e575a97c3113f147f4730bc42ac70"

[[mcp-server.targets]]
target = "codex"
kind = "remote"
transport = "streamable-http"
url = "https://mcp.context7.com/mcp"
bearer-token-env = "CONTEXT7_API_KEY"

[[mcp-server.targets]]
target = "claude"
kind = "remote"
transport = "streamable-http"
url = "https://mcp.context7.com/mcp"
bearer-token-env = "CONTEXT7_API_KEY"

[[mcp-server]]
name = "firecrawl"
server-id = "firecrawl"
requirement = "sha256:1b4e4d3c211194b66bd8f46b1471f62244d8dab6eebfa4814c8814b48f1a9d12"
version = "direct"
metadata-sha256 = "sha256:bdc024207f661d52ce572b28d8bc4e4a2ed60c78fab127d48b72266b8a505430"

[[mcp-server.targets]]
target = "codex"
kind = "command"
transport = "stdio"
command = "npx"
args = [
    "-y",
    "firecrawl-mcp@3.23.0",
]
env-vars = ["FIRECRAWL_API_KEY"]

[[mcp-server.targets]]
target = "claude"
kind = "command"
transport = "stdio"
command = "npx"
args = [
    "-y",
    "firecrawl-mcp@3.23.0",
]
env-vars = ["FIRECRAWL_API_KEY"]

[[mcp-server]]
name = "yfinance"
server-id = "yfinance"
requirement = "sha256:7a4b38aed93fadf1278d5fca23731443bf1a7e83d93d04e80208c9613ff543cb"
version = "direct"
metadata-sha256 = "sha256:02890cc90d61c27d2183381a79635ccb94763ef03bf412a78c841f924f5b5673"

[[mcp-server.targets]]
target = "codex"
kind = "command"
transport = "stdio"
command = "uvx"
args = [
    "--with",
    "mcp<2",
    "yfmcp@0.12.2",
]

[[mcp-server.targets]]
target = "claude"
kind = "command"
transport = "stdio"
command = "uvx"
args = [
    "--with",
    "mcp<2",
    "yfmcp@0.12.2",
]

[[projection-baseline]]
target = "codex"
kind = "mcp"
key = "chrome-devtools"
sha256 = "sha256:c2b371b72bd25cde669348e652917ca36871a1f6e184dd2076aee1c49f64b4cc"

[[projection-baseline]]
target = "codex"
kind = "mcp"
key = "context7"
sha256 = "sha256:b1e53b4636596dda3096fd36fec14e3451d525483266d4a72375004f13953766"

[[projection-baseline]]
target = "codex"
kind = "mcp"
key = "firecrawl"
sha256 = "sha256:aec8004aae0e0b649d9a199c6b36c5e4af2fbb0bdee693d07ebd4c78563aac28"

[[projection-baseline]]
target = "codex"
kind = "mcp"
key = "yfinance"
sha256 = "sha256:61a1c5728bdf7307b6dbd34795795e3a5e65b735d248b2e24c84a0df9fc28022"

[[projection-baseline]]
target = "codex"
kind = "skill"
key = "designing-user-experiences"
sha256 = "sha256:f8ce5c79edbe3d5b03992aa993a3fd1e6e026001b806bd8f62000c595ce850e7"

[[projection-baseline]]
target = "codex"
kind = "skill"
key = "writing-agents-md"
sha256 = "sha256:49485f3112f08e9bb74842254943cbb9f861799a6950aed6473c4f504576ce23"

[[projection-baseline]]
target = "codex"
kind = "skill"
key = "writing-git-commits"
sha256 = "sha256:8703285530b1ec1952599837f628801cfc250110b3bff44e83874b350125ab8a"

[[projection-baseline]]
target = "codex"
kind = "skill"
key = "writing-plans"
sha256 = "sha256:3db5b575d6bbcc9a51f1ce25b466798b475d8b49117531cac61383cf1857ae8e"

[[projection-baseline]]
target = "codex"
kind = "skill"
key = "writing-roadmap"
sha256 = "sha256:363e21acd1c2c5e9cad5a83f449e868e7d050843a3e5f8201ccefc14a0a87cc3"

[[projection-baseline]]
target = "claude"
kind = "mcp"
key = "chrome-devtools"
sha256 = "sha256:ded6257dc6a8133ac125b0a7a9c1b7bc300e19248bc881f64e1771692e7471c3"

[[projection-baseline]]
target = "claude"
kind = "mcp"
key = "context7"
sha256 = "sha256:f0b809422f255e92bbd4c53f97a0cd10ded9a92328b7cdce26987633e63e09aa"

[[projection-baseline]]
target = "claude"
kind = "mcp"
key = "firecrawl"
sha256 = "sha256:c735898b4e0969aa1520eb47ceffa52030e5a875e9cd22a479b5fa0cba14773e"

[[projection-baseline]]
target = "claude"
kind = "mcp"
key = "yfinance"
sha256 = "sha256:f46b2082ffe9a01600ffb07a732ebb4db2d8445da6b751a7ed8df772433c085b"

[[projection-baseline]]
target = "claude"
kind = "skill"
key = "designing-user-experiences"
sha256 = "sha256:f8ce5c79edbe3d5b03992aa993a3fd1e6e026001b806bd8f62000c595ce850e7"

[[projection-baseline]]
target = "claude"
kind = "skill"
key = "writing-agents-md"
sha256 = "sha256:49485f3112f08e9bb74842254943cbb9f861799a6950aed6473c4f504576ce23"

[[projection-baseline]]
target = "claude"
kind = "skill"
key = "writing-git-commits"
sha256 = "sha256:8703285530b1ec1952599837f628801cfc250110b3bff44e83874b350125ab8a"

[[projection-baseline]]
target = "claude"
kind = "skill"
key = "writing-plans"
sha256 = "sha256:3db5b575d6bbcc9a51f1ce25b466798b475d8b49117531cac61383cf1857ae8e"

[[projection-baseline]]
target = "claude"
kind = "skill"
key = "writing-roadmap"
sha256 = "sha256:363e21acd1c2c5e9cad5a83f449e868e7d050843a3e5f8201ccefc14a0a87cc3"
