# This file is generated by aru.
version = 1
package-input-hash = "sha256:a261a18bdd428abe9c057e1c37972a955e553629ae00a6713d82c722dcf11136"
projection-input-hash = "sha256:6fce9bc206562d1738c3531db3f6351d573a234765af60e3135f354f65653fca"

[[mcp-server]]
name = "docs"
server-id = "docs"
requirement = "sha256:cd817efaccd5693c1100df86ce7a5b236c851f734b268a7366f3f02dfc34fa40"
version = "direct"
metadata-sha256 = "sha256:d58f509d103cbec7e2edc06b1036cb0e7ffa1f40ee0b7bcd18b583733ca5d0e6"

[[mcp-server.targets]]
agent = "codex"
kind = "remote"
transport = "streamable-http"
url = "https://docs.example.com/mcp"
bearer-token-env = "DOCS_TOKEN"

[[mcp-server.targets]]
agent = "claude-code"
kind = "remote"
transport = "streamable-http"
url = "https://docs.example.com/mcp"
bearer-token-env = "DOCS_TOKEN"

[[projection-baseline]]
agent = "codex"
kind = "mcp"
key = "docs"
sha256 = "sha256:26ecdf35ab2d23f307c86281c9b0a548bcbd94dcb86e7d6241bfdf9d9f5bfe96"

[[projection-baseline]]
agent = "claude-code"
kind = "mcp"
key = "docs"
sha256 = "sha256:cc00a9a1efccc10d0ab99472eae289538567ac34c739186dd68c8cfd3a72ae64"
