# This file is generated by aru.
version = 3
package-input-hash = "sha256:8fa394f1cdfb5ad5613f50d69f0caace61067c7ed3e36ab155c7ecf3a7ca20d0"
projection-input-hash = "sha256:519f5f002fa5d5f60c6d5b9de4ca38a181f420eb6d467f561251d582000aff56"

[[mcp-server]]
name = "demo"
server-id = "demo"
requirement = "sha256:9119d77bca719815ee2bcaa70592f99a1937fabbceb8e90d0944f385f7cc5ba0"
version = "direct"
metadata-sha256 = "sha256:848b1fe808146fe8839c49bff14796cd1141b62845f1e0830eeaf691edc52659"

[[mcp-server.targets]]
target = "codex"
kind = "command"
transport = "stdio"
command = "demo-mcp"
env-vars = ["DEMO_TOKEN"]

[[mcp-server.targets]]
target = "claude"
kind = "command"
transport = "stdio"
command = "demo-mcp"
env-vars = ["DEMO_TOKEN"]

[[mcp-server]]
name = "docs"
server-id = "docs"
requirement = "sha256:e0252a73a8227ac45d00b6ac803e964e2599a53762d77751a5882f7fa4d62e22"
version = "direct"
metadata-sha256 = "sha256:a502ed633eab9a5e14dba7fd853b67ecf8a84a66d4ca4439a44dd97f0f6da5e0"

[[mcp-server.targets]]
target = "codex"
kind = "remote"
transport = "streamable-http"
url = "https://docs.example.com/mcp"
bearer-token-env = "DOCS_TOKEN"

[mcp-server.targets.env-http-headers]
X-API-Key = "DOCS_API_KEY"

[[mcp-server.targets]]
target = "claude"
kind = "remote"
transport = "streamable-http"
url = "https://docs.example.com/mcp"
bearer-token-env = "DOCS_TOKEN"

[mcp-server.targets.env-http-headers]
X-API-Key = "DOCS_API_KEY"

[[projection-baseline]]
target = "codex"
kind = "mcp"
key = "demo"
sha256 = "sha256:47494da41b9a8075b261957b8de1129c5d8cd9dcd3cf01f282eee6bf6191a1c2"

[[projection-baseline]]
target = "codex"
kind = "mcp"
key = "docs"
sha256 = "sha256:38a8b36ff556349735ec629baa25056c1a11613372bb5958ec59b466d757e581"

[[projection-baseline]]
target = "claude"
kind = "mcp"
key = "demo"
sha256 = "sha256:dcdeecb71142565561f9d251da3a388eb21f847c0bba59c386c8688a9f012b88"

[[projection-baseline]]
target = "claude"
kind = "mcp"
key = "docs"
sha256 = "sha256:56ce5a709c2c960655ca98107afd2552260a7c2c3a093a3e7631b83945f972a7"
