# This file is generated by aru.
version = 3
package-input-hash = "sha256:dfb6ad5c160e17c161dcc54cbd507d507b786e96cfc805b926a04732c6e9f449"
projection-input-hash = "sha256:a63d8ddaf8a7922cee58beab29aa565f3cc18d2bf76205d3e1383b561f428844"

[[mcp-server]]
name = "docs"
server-id = "docs"
requirement = "sha256:cd817efaccd5693c1100df86ce7a5b236c851f734b268a7366f3f02dfc34fa40"
version = "direct"
metadata-sha256 = "sha256:d58f509d103cbec7e2edc06b1036cb0e7ffa1f40ee0b7bcd18b583733ca5d0e6"

[[mcp-server.targets]]
target = "codex"
kind = "remote"
transport = "streamable-http"
url = "https://docs.example.com/mcp"
bearer-token-env = "DOCS_TOKEN"

[[mcp-server.targets]]
target = "claude"
kind = "remote"
transport = "streamable-http"
url = "https://docs.example.com/mcp"
bearer-token-env = "DOCS_TOKEN"

[[projection-baseline]]
target = "codex"
kind = "mcp"
key = "docs"
sha256 = "sha256:4f9f84d73a21141dd4ba3bab07e42d906b4b3a88884207de65f8a3f579ce0bf5"

[[projection-baseline]]
target = "claude"
kind = "mcp"
key = "docs"
sha256 = "sha256:cc00a9a1efccc10d0ab99472eae289538567ac34c739186dd68c8cfd3a72ae64"
